
Microsoft Visual Studio Solution File, Format Version 12.00
# Visual Studio Version 17
VisualStudioVersion = 17.6.33815.320
MinimumVisualStudioVersion = 10.0.40219.1
Project("{FAE04EC0-301F-11D3-BF4B-00C04F79EFBC}") = "ConsoleApp1", "ConsoleApp1.csproj", "{FA769709-0173-4094-90B4-FC1EDA4ABCDC}"
EndProject
Global
	GlobalSection(SolutionConfigurationPlatforms) = preSolution
		Debug|Any CPU = Debug|Any CPU
		Release|Any CPU = Release|Any CPU
	EndGlobalSection
	GlobalSection(ProjectConfigurationPlatforms) = postSolution
		{FA769709-0173-4094-90B4-FC1EDA4ABCDC}.Debug|Any CPU.ActiveCfg = Debug|Any CPU
		{FA769709-0173-4094-90B4-FC1EDA4ABCDC}.Debug|Any CPU.Build.0 = Debug|Any CPU
		{FA769709-0173-4094-90B4-FC1EDA4ABCDC}.Release|Any CPU.ActiveCfg = Release|Any CPU
		{FA769709-0173-4094-90B4-FC1EDA4ABCDC}.Release|Any CPU.Build.0 = Release|Any CPU
	EndGlobalSection
	GlobalSection(SolutionProperties) = preSolution
		HideSolutionNode = FALSE
	EndGlobalSection
	GlobalSection(ExtensibilityGlobals) = postSolution
		SolutionGuid = {F12221E0-F313-4D6A-B548-75500A79D6A5}
	EndGlobalSection
EndGlobal
